
Microsoft Visual Studio Solution File, Format Version 12.00
# Visual Studio Version 16
VisualStudioVersion = 16.0.31424.327
MinimumVisualStudioVersion = 10.0.40219.1
Project("{FAE04EC0-301F-11D3-BF4B-00C04F79EFBC}") = "Assignment", "Assignment\Assignment.csproj", "{EF6EB38D-77D2-4F6D-B994-AD11A398C1AD}"
EndProject
Project("{FAE04EC0-301F-11D3-BF4B-00C04F79EFBC}") = "TestProject2", "TestProject2\TestProject2.csproj", "{66D48302-CC4F-49DF-9F80-541E627B7A5E}"
EndProject
Global
	GlobalSection(SolutionConfigurationPlatforms) = preSolution
		Debug|Any CPU = Debug|Any CPU
		Release|Any CPU = Release|Any CPU
	EndGlobalSection
	GlobalSection(ProjectConfigurationPlatforms) = postSolution
		{EF6EB38D-77D2-4F6D-B994-AD11A398C1AD}.Debug|Any CPU.ActiveCfg = Debug|Any CPU
		{EF6EB38D-77D2-4F6D-B994-AD11A398C1AD}.Debug|Any CPU.Build.0 = Debug|Any CPU
		{EF6EB38D-77D2-4F6D-B994-AD11A398C1AD}.Release|Any CPU.ActiveCfg = Release|Any CPU
		{EF6EB38D-77D2-4F6D-B994-AD11A398C1AD}.Release|Any CPU.Build.0 = Release|Any CPU
		{66D48302-CC4F-49DF-9F80-541E627B7A5E}.Debug|Any CPU.ActiveCfg = Debug|Any CPU
		{66D48302-CC4F-49DF-9F80-541E627B7A5E}.Debug|Any CPU.Build.0 = Debug|Any CPU
		{66D48302-CC4F-49DF-9F80-541E627B7A5E}.Release|Any CPU.ActiveCfg = Release|Any CPU
		{66D48302-CC4F-49DF-9F80-541E627B7A5E}.Release|Any CPU.Build.0 = Release|Any CPU
	EndGlobalSection
	GlobalSection(SolutionProperties) = preSolution
		HideSolutionNode = FALSE
	EndGlobalSection
	GlobalSection(ExtensibilityGlobals) = postSolution
		SolutionGuid = {9234EBDD-E790-4EF2-B874-CE323BD722E8}
	EndGlobalSection
EndGlobal
